# THIS IS AN AUTOGENERATED FILE. DO NOT EDIT THIS FILE DIRECTLY.
# yarn lockfile v1


saffi-first-type-script-package@^1.0.0:
  version "1.0.0"
  resolved "https://registry.yarnpkg.com/saffi-first-type-script-package/-/saffi-first-type-script-package-1.0.0.tgz#99216a2aa2797530a2daf048073630c2b7da91c9"
  integrity sha512-sBFVq2cHuLx7TifLNi30w6Br7dOs3a4jSOYH6ExGrj1KpNjaWpfzNUq5MnIFvzt0hCGmk9Wc7cN7pqdvsksUDg==
